
Microsoft Visual Studio Solution File, Format Version 12.00
# Visual Studio 15
VisualStudioVersion = 15.0.27130.2027
MinimumVisualStudioVersion = 10.0.40219.1
Project("{FAE04EC0-301F-11D3-BF4B-00C04F79EFBC}") = "ASPMVC", "ASPMVC\ASPMVC.csproj", "{9FD8D891-ABD7-431F-B042-026F28B8992B}"
EndProject
Global
	GlobalSection(SolutionConfigurationPlatforms) = preSolution
		Debug|Any CPU = Debug|Any CPU
		Release|Any CPU = Release|Any CPU
	EndGlobalSection
	GlobalSection(ProjectConfigurationPlatforms) = postSolution
		{9FD8D891-ABD7-431F-B042-026F28B8992B}.Debug|Any CPU.ActiveCfg = Debug|Any CPU
		{9FD8D891-ABD7-431F-B042-026F28B8992B}.Debug|Any CPU.Build.0 = Debug|Any CPU
		{9FD8D891-ABD7-431F-B042-026F28B8992B}.Release|Any CPU.ActiveCfg = Release|Any CPU
		{9FD8D891-ABD7-431F-B042-026F28B8992B}.Release|Any CPU.Build.0 = Release|Any CPU
	EndGlobalSection
	GlobalSection(SolutionProperties) = preSolution
		HideSolutionNode = FALSE
	EndGlobalSection
	GlobalSection(ExtensibilityGlobals) = postSolution
		SolutionGuid = {5420F061-0E93-490B-AE2C-DF576CE1110E}
	EndGlobalSection
EndGlobal
